
Microsoft Visual Studio Solution File, Format Version 12.00
# Visual Studio 15
VisualStudioVersion = 15.0.27004.2009
MinimumVisualStudioVersion = 10.0.40219.1
Project("{9A19103F-16F7-4668-BE54-9A1E7A4F7556}") = "Utilities.CollectionExtensions", "Base\Utilities.CollectionExtensions\Utilities.CollectionExtensions.csproj", "{76F8C615-031F-4E83-85E4-6EE2D0C694B9}"
EndProject
Project("{9A19103F-16F7-4668-BE54-9A1E7A4F7556}") = "Utilities.Tokenizer", "Utilities.Tokenizer\Utilities.Tokenizer.csproj", "{A2B93D10-1F64-49F0-8E48-9B44707C605E}"
EndProject
Project("{9A19103F-16F7-4668-BE54-9A1E7A4F7556}") = "Utilities.Poco", "Base\Utilities.PocoProperties\Utilities.Poco.csproj", "{536FB06B-113D-4F65-96DA-0613CAA36295}"
EndProject
Project("{9A19103F-16F7-4668-BE54-9A1E7A4F7556}") = "Utilities.LinqDynamic", "Base\Utilities.LinqDynamic\Utilities.LinqDynamic.csproj", "{25F981A8-8CE3-453D-9207-04F1BC9AB32E}"
EndProject
Project("{9A19103F-16F7-4668-BE54-9A1E7A4F7556}") = "Utilities.Sql", "Utilities.Sql\Utilities.Sql.csproj", "{27974D94-B48F-4889-9298-898BCFB815F9}"
EndProject
Project("{9A19103F-16F7-4668-BE54-9A1E7A4F7556}") = "Utilities.EnumExtensions", "Other\Utilities.EnumExtensions\Utilities.EnumExtensions.csproj", "{BCDACB6C-62F6-48E8-8F9D-EE1B0C87AFCD}"
EndProject
Project("{9A19103F-16F7-4668-BE54-9A1E7A4F7556}") = "Utilities.Caching.AspNetCore", "Caching\Utilities.Cache\Utilities.Caching.AspNetCore.csproj", "{51A2A109-926E-43B6-996A-E6FED1C94DD5}"
EndProject
Project("{9A19103F-16F7-4668-BE54-9A1E7A4F7556}") = "Utilities.ImageMagic", "Utilities.ImageMagic\Utilities.ImageMagic.csproj", "{5698DCB5-EBB9-4E34-8CD0-7DB957E7FB35}"
EndProject
Project("{9A19103F-16F7-4668-BE54-9A1E7A4F7556}") = "Utilities.Caching", "Caching\Utilities.Caching\Utilities.Caching.csproj", "{2F0DDF2E-6991-45C5-B2C3-3F733B6BD3C6}"
EndProject
Project("{FAE04EC0-301F-11D3-BF4B-00C04F79EFBC}") = "Utilities.Caching.Web", "Caching\Utilities.Caching.Web\Utilities.Caching.Web.csproj", "{404A20F1-1709-4A90-AFF2-88326DC57B64}"
EndProject
Project("{9A19103F-16F7-4668-BE54-9A1E7A4F7556}") = "Utilities.Crypto", "Other\Utilities.Crypto\Utilities.Crypto.csproj", "{A91B4A48-B247-4A0B-8AAC-CE0E766419F7}"
EndProject
Project("{9A19103F-16F7-4668-BE54-9A1E7A4F7556}") = "Utilities.Caching.Database", "Caching\Utilities.Caching.Database\Utilities.Caching.Database.csproj", "{969F0DC2-68C3-45EE-9E43-052C71F72264}"
EndProject
Project("{9A19103F-16F7-4668-BE54-9A1E7A4F7556}") = "Utilities.Caching.Redis", "Caching\Utilities.Caching.Redis\Utilities.Caching.Redis.csproj", "{DA30A736-869F-441D-BC45-6B4C1B338ECC}"
EndProject
Project("{9A19103F-16F7-4668-BE54-9A1E7A4F7556}") = "Utilities.SerializeExtensions", "Base\Utilities.SerializeExtensions\Utilities.SerializeExtensions.csproj", "{C96C23B8-F4B5-4E28-BCB3-A0FBEDDD6FBB}"
EndProject
Project("{9A19103F-16F7-4668-BE54-9A1E7A4F7556}") = "Utilities.ExcelLibrary", "Utilities.ExcelLibrary\Utilities.ExcelLibrary.csproj", "{6450A53B-D1AB-4B86-A4DB-6513EC7C1F19}"
EndProject
Project("{2150E333-8FDC-42A3-9474-1A3956D46DE8}") = "Caching", "Caching", "{3B69122A-60A9-4701-99D0-AA88F0CD53F8}"
EndProject
Project("{2150E333-8FDC-42A3-9474-1A3956D46DE8}") = "Base", "Base", "{13A88EE9-472D-4F99-A4A2-80E3F57DF608}"
EndProject
Project("{9A19103F-16F7-4668-BE54-9A1E7A4F7556}") = "Utilities.Caching.Aspects", "Caching\Utilities.Caching.Aspects\Utilities.Caching.Aspects.csproj", "{C9096D0A-3D44-4249-A6CE-29F81E6FF543}"
EndProject
Project("{2150E333-8FDC-42A3-9474-1A3956D46DE8}") = "Other", "Other", "{23E93D9B-4962-49D3-9960-30DF041E01C1}"
EndProject
Project("{FAE04EC0-301F-11D3-BF4B-00C04F79EFBC}") = "Utilities.Logging", "Other\Utilities.Logger\Utilities.Logging.csproj", "{703044EE-1D55-4915-913B-A83D047CEF47}"
EndProject
Project("{2150E333-8FDC-42A3-9474-1A3956D46DE8}") = "TestSites", "TestSites", "{E80D9454-FEDE-4906-AFFE-9DEE45E7FE26}"
EndProject
Project("{FAE04EC0-301F-11D3-BF4B-00C04F79EFBC}") = "TestSite.Core", "TestSites\TestSite.Core\TestSite.Core.csproj", "{45A3A255-350D-4862-8EC0-B309F3E98DF2}"
EndProject
Project("{FAE04EC0-301F-11D3-BF4B-00C04F79EFBC}") = "TestSite.Net462", "TestSites\TestSite.Net462\TestSite.Net462.csproj", "{B9B29EFD-B698-488A-A6DF-137F503A4000}"
EndProject
Global
	GlobalSection(SolutionConfigurationPlatforms) = preSolution
		Debug|Any CPU = Debug|Any CPU
		Release|Any CPU = Release|Any CPU
	EndGlobalSection
	GlobalSection(ProjectConfigurationPlatforms) = postSolution
		{76F8C615-031F-4E83-85E4-6EE2D0C694B9}.Debug|Any CPU.ActiveCfg = Debug|Any CPU
		{76F8C615-031F-4E83-85E4-6EE2D0C694B9}.Debug|Any CPU.Build.0 = Debug|Any CPU
		{76F8C615-031F-4E83-85E4-6EE2D0C694B9}.Release|Any CPU.ActiveCfg = Release|Any CPU
		{76F8C615-031F-4E83-85E4-6EE2D0C694B9}.Release|Any CPU.Build.0 = Release|Any CPU
		{A2B93D10-1F64-49F0-8E48-9B44707C605E}.Debug|Any CPU.ActiveCfg = Debug|Any CPU
		{A2B93D10-1F64-49F0-8E48-9B44707C605E}.Debug|Any CPU.Build.0 = Debug|Any CPU
		{A2B93D10-1F64-49F0-8E48-9B44707C605E}.Release|Any CPU.ActiveCfg = Release|Any CPU
		{A2B93D10-1F64-49F0-8E48-9B44707C605E}.Release|Any CPU.Build.0 = Release|Any CPU
		{536FB06B-113D-4F65-96DA-0613CAA36295}.Debug|Any CPU.ActiveCfg = Debug|Any CPU
		{536FB06B-113D-4F65-96DA-0613CAA36295}.Debug|Any CPU.Build.0 = Debug|Any CPU
		{536FB06B-113D-4F65-96DA-0613CAA36295}.Release|Any CPU.ActiveCfg = Release|Any CPU
		{536FB06B-113D-4F65-96DA-0613CAA36295}.Release|Any CPU.Build.0 = Release|Any CPU
		{25F981A8-8CE3-453D-9207-04F1BC9AB32E}.Debug|Any CPU.ActiveCfg = Debug|Any CPU
		{25F981A8-8CE3-453D-9207-04F1BC9AB32E}.Debug|Any CPU.Build.0 = Debug|Any CPU
		{25F981A8-8CE3-453D-9207-04F1BC9AB32E}.Release|Any CPU.ActiveCfg = Release|Any CPU
		{25F981A8-8CE3-453D-9207-04F1BC9AB32E}.Release|Any CPU.Build.0 = Release|Any CPU
		{27974D94-B48F-4889-9298-898BCFB815F9}.Debug|Any CPU.ActiveCfg = Debug|Any CPU
		{27974D94-B48F-4889-9298-898BCFB815F9}.Debug|Any CPU.Build.0 = Debug|Any CPU
		{27974D94-B48F-4889-9298-898BCFB815F9}.Release|Any CPU.ActiveCfg = Release|Any CPU
		{27974D94-B48F-4889-9298-898BCFB815F9}.Release|Any CPU.Build.0 = Release|Any CPU
		{BCDACB6C-62F6-48E8-8F9D-EE1B0C87AFCD}.Debug|Any CPU.ActiveCfg = Debug|Any CPU
		{BCDACB6C-62F6-48E8-8F9D-EE1B0C87AFCD}.Debug|Any CPU.Build.0 = Debug|Any CPU
		{BCDACB6C-62F6-48E8-8F9D-EE1B0C87AFCD}.Release|Any CPU.ActiveCfg = Release|Any CPU
		{BCDACB6C-62F6-48E8-8F9D-EE1B0C87AFCD}.Release|Any CPU.Build.0 = Release|Any CPU
		{51A2A109-926E-43B6-996A-E6FED1C94DD5}.Debug|Any CPU.ActiveCfg = Debug|Any CPU
		{51A2A109-926E-43B6-996A-E6FED1C94DD5}.Debug|Any CPU.Build.0 = Debug|Any CPU
		{51A2A109-926E-43B6-996A-E6FED1C94DD5}.Release|Any CPU.ActiveCfg = Release|Any CPU
		{51A2A109-926E-43B6-996A-E6FED1C94DD5}.Release|Any CPU.Build.0 = Release|Any CPU
		{5698DCB5-EBB9-4E34-8CD0-7DB957E7FB35}.Debug|Any CPU.ActiveCfg = Debug|Any CPU
		{5698DCB5-EBB9-4E34-8CD0-7DB957E7FB35}.Debug|Any CPU.Build.0 = Debug|Any CPU
		{5698DCB5-EBB9-4E34-8CD0-7DB957E7FB35}.Release|Any CPU.ActiveCfg = Release|Any CPU
		{5698DCB5-EBB9-4E34-8CD0-7DB957E7FB35}.Release|Any CPU.Build.0 = Release|Any CPU
		{2F0DDF2E-6991-45C5-B2C3-3F733B6BD3C6}.Debug|Any CPU.ActiveCfg = Debug|Any CPU
		{2F0DDF2E-6991-45C5-B2C3-3F733B6BD3C6}.Debug|Any CPU.Build.0 = Debug|Any CPU
		{2F0DDF2E-6991-45C5-B2C3-3F733B6BD3C6}.Release|Any CPU.ActiveCfg = Release|Any CPU
		{2F0DDF2E-6991-45C5-B2C3-3F733B6BD3C6}.Release|Any CPU.Build.0 = Release|Any CPU
		{404A20F1-1709-4A90-AFF2-88326DC57B64}.Debug|Any CPU.ActiveCfg = Debug|Any CPU
		{404A20F1-1709-4A90-AFF2-88326DC57B64}.Debug|Any CPU.Build.0 = Debug|Any CPU
		{404A20F1-1709-4A90-AFF2-88326DC57B64}.Release|Any CPU.ActiveCfg = Release|Any CPU
		{404A20F1-1709-4A90-AFF2-88326DC57B64}.Release|Any CPU.Build.0 = Release|Any CPU
		{A91B4A48-B247-4A0B-8AAC-CE0E766419F7}.Debug|Any CPU.ActiveCfg = Debug|Any CPU
		{A91B4A48-B247-4A0B-8AAC-CE0E766419F7}.Debug|Any CPU.Build.0 = Debug|Any CPU
		{A91B4A48-B247-4A0B-8AAC-CE0E766419F7}.Release|Any CPU.ActiveCfg = Release|Any CPU
		{A91B4A48-B247-4A0B-8AAC-CE0E766419F7}.Release|Any CPU.Build.0 = Release|Any CPU
		{969F0DC2-68C3-45EE-9E43-052C71F72264}.Debug|Any CPU.ActiveCfg = Debug|Any CPU
		{969F0DC2-68C3-45EE-9E43-052C71F72264}.Debug|Any CPU.Build.0 = Debug|Any CPU
		{969F0DC2-68C3-45EE-9E43-052C71F72264}.Release|Any CPU.ActiveCfg = Release|Any CPU
		{969F0DC2-68C3-45EE-9E43-052C71F72264}.Release|Any CPU.Build.0 = Release|Any CPU
		{DA30A736-869F-441D-BC45-6B4C1B338ECC}.Debug|Any CPU.ActiveCfg = Debug|Any CPU
		{DA30A736-869F-441D-BC45-6B4C1B338ECC}.Debug|Any CPU.Build.0 = Debug|Any CPU
		{DA30A736-869F-441D-BC45-6B4C1B338ECC}.Release|Any CPU.ActiveCfg = Release|Any CPU
		{DA30A736-869F-441D-BC45-6B4C1B338ECC}.Release|Any CPU.Build.0 = Release|Any CPU
		{C96C23B8-F4B5-4E28-BCB3-A0FBEDDD6FBB}.Debug|Any CPU.ActiveCfg = Debug|Any CPU
		{C96C23B8-F4B5-4E28-BCB3-A0FBEDDD6FBB}.Debug|Any CPU.Build.0 = Debug|Any CPU
		{C96C23B8-F4B5-4E28-BCB3-A0FBEDDD6FBB}.Release|Any CPU.ActiveCfg = Release|Any CPU
		{C96C23B8-F4B5-4E28-BCB3-A0FBEDDD6FBB}.Release|Any CPU.Build.0 = Release|Any CPU
		{6450A53B-D1AB-4B86-A4DB-6513EC7C1F19}.Debug|Any CPU.ActiveCfg = Debug|Any CPU
		{6450A53B-D1AB-4B86-A4DB-6513EC7C1F19}.Debug|Any CPU.Build.0 = Debug|Any CPU
		{6450A53B-D1AB-4B86-A4DB-6513EC7C1F19}.Release|Any CPU.ActiveCfg = Release|Any CPU
		{6450A53B-D1AB-4B86-A4DB-6513EC7C1F19}.Release|Any CPU.Build.0 = Release|Any CPU
		{C9096D0A-3D44-4249-A6CE-29F81E6FF543}.Debug|Any CPU.ActiveCfg = Debug|Any CPU
		{C9096D0A-3D44-4249-A6CE-29F81E6FF543}.Debug|Any CPU.Build.0 = Debug|Any CPU
		{C9096D0A-3D44-4249-A6CE-29F81E6FF543}.Release|Any CPU.ActiveCfg = Release|Any CPU
		{C9096D0A-3D44-4249-A6CE-29F81E6FF543}.Release|Any CPU.Build.0 = Release|Any CPU
		{703044EE-1D55-4915-913B-A83D047CEF47}.Debug|Any CPU.ActiveCfg = Debug|Any CPU
		{703044EE-1D55-4915-913B-A83D047CEF47}.Debug|Any CPU.Build.0 = Debug|Any CPU
		{703044EE-1D55-4915-913B-A83D047CEF47}.Release|Any CPU.ActiveCfg = Release|Any CPU
		{703044EE-1D55-4915-913B-A83D047CEF47}.Release|Any CPU.Build.0 = Release|Any CPU
		{45A3A255-350D-4862-8EC0-B309F3E98DF2}.Debug|Any CPU.ActiveCfg = Debug|Any CPU
		{45A3A255-350D-4862-8EC0-B309F3E98DF2}.Debug|Any CPU.Build.0 = Debug|Any CPU
		{45A3A255-350D-4862-8EC0-B309F3E98DF2}.Release|Any CPU.ActiveCfg = Release|Any CPU
		{45A3A255-350D-4862-8EC0-B309F3E98DF2}.Release|Any CPU.Build.0 = Release|Any CPU
		{B9B29EFD-B698-488A-A6DF-137F503A4000}.Debug|Any CPU.ActiveCfg = Debug|Any CPU
		{B9B29EFD-B698-488A-A6DF-137F503A4000}.Debug|Any CPU.Build.0 = Debug|Any CPU
		{B9B29EFD-B698-488A-A6DF-137F503A4000}.Release|Any CPU.ActiveCfg = Release|Any CPU
		{B9B29EFD-B698-488A-A6DF-137F503A4000}.Release|Any CPU.Build.0 = Release|Any CPU
	EndGlobalSection
	GlobalSection(SolutionProperties) = preSolution
		HideSolutionNode = FALSE
	EndGlobalSection
	GlobalSection(NestedProjects) = preSolution
		{76F8C615-031F-4E83-85E4-6EE2D0C694B9} = {13A88EE9-472D-4F99-A4A2-80E3F57DF608}
		{536FB06B-113D-4F65-96DA-0613CAA36295} = {13A88EE9-472D-4F99-A4A2-80E3F57DF608}
		{25F981A8-8CE3-453D-9207-04F1BC9AB32E} = {13A88EE9-472D-4F99-A4A2-80E3F57DF608}
		{BCDACB6C-62F6-48E8-8F9D-EE1B0C87AFCD} = {23E93D9B-4962-49D3-9960-30DF041E01C1}
		{51A2A109-926E-43B6-996A-E6FED1C94DD5} = {3B69122A-60A9-4701-99D0-AA88F0CD53F8}
		{2F0DDF2E-6991-45C5-B2C3-3F733B6BD3C6} = {3B69122A-60A9-4701-99D0-AA88F0CD53F8}
		{404A20F1-1709-4A90-AFF2-88326DC57B64} = {3B69122A-60A9-4701-99D0-AA88F0CD53F8}
		{A91B4A48-B247-4A0B-8AAC-CE0E766419F7} = {23E93D9B-4962-49D3-9960-30DF041E01C1}
		{969F0DC2-68C3-45EE-9E43-052C71F72264} = {3B69122A-60A9-4701-99D0-AA88F0CD53F8}
		{DA30A736-869F-441D-BC45-6B4C1B338ECC} = {3B69122A-60A9-4701-99D0-AA88F0CD53F8}
		{C96C23B8-F4B5-4E28-BCB3-A0FBEDDD6FBB} = {13A88EE9-472D-4F99-A4A2-80E3F57DF608}
		{C9096D0A-3D44-4249-A6CE-29F81E6FF543} = {3B69122A-60A9-4701-99D0-AA88F0CD53F8}
		{703044EE-1D55-4915-913B-A83D047CEF47} = {23E93D9B-4962-49D3-9960-30DF041E01C1}
		{45A3A255-350D-4862-8EC0-B309F3E98DF2} = {E80D9454-FEDE-4906-AFFE-9DEE45E7FE26}
		{B9B29EFD-B698-488A-A6DF-137F503A4000} = {E80D9454-FEDE-4906-AFFE-9DEE45E7FE26}
	EndGlobalSection
	GlobalSection(ExtensibilityGlobals) = postSolution
		SolutionGuid = {660BFF2F-8F24-4314-9AFB-8A70F565F5C0}
	EndGlobalSection
EndGlobal
