Microsoft Visual Studio Solution File, Format Version 12.00
# Visual Studio Version 17
VisualStudioVersion = 17.3.32922.545
MinimumVisualStudioVersion = 10.0.40219.1
Project("{9A19103F-16F7-4668-BE54-9A1E7A4F7556}") = "Utilities.CollectionExtensions", "Base\Utilities.CollectionExtensions\Utilities.CollectionExtensions.csproj", "{76F8C615-031F-4E83-85E4-6EE2D0C694B9}"
EndProject
Project("{9A19103F-16F7-4668-BE54-9A1E7A4F7556}") = "Utilities.Poco", "Base\Utilities.PocoProperties\Utilities.Poco.csproj", "{536FB06B-113D-4F65-96DA-0613CAA36295}"
EndProject
Project("{9A19103F-16F7-4668-BE54-9A1E7A4F7556}") = "Utilities.LinqDynamic", "Base\Utilities.LinqDynamic\Utilities.LinqDynamic.csproj", "{25F981A8-8CE3-453D-9207-04F1BC9AB32E}"
EndProject
Project("{9A19103F-16F7-4668-BE54-9A1E7A4F7556}") = "Utilities.EnumExtensions", "Other\Utilities.EnumExtensions\Utilities.EnumExtensions.csproj", "{BCDACB6C-62F6-48E8-8F9D-EE1B0C87AFCD}"
EndProject
Project("{9A19103F-16F7-4668-BE54-9A1E7A4F7556}") = "Utilities.Caching.AspNetCore", "Caching\Utilities.Cache\Utilities.Caching.AspNetCore.csproj", "{51A2A109-926E-43B6-996A-E6FED1C94DD5}"
EndProject
Project("{9A19103F-16F7-4668-BE54-9A1E7A4F7556}") = "Utilities.Caching", "Caching\Utilities.Caching\Utilities.Caching.csproj", "{2F0DDF2E-6991-45C5-B2C3-3F733B6BD3C6}"
EndProject
Project("{9A19103F-16F7-4668-BE54-9A1E7A4F7556}") = "Utilities.Caching.Web", "Caching\Utilities.Caching.Web\Utilities.Caching.Web.csproj", "{404A20F1-1709-4A90-AFF2-88326DC57B64}"
EndProject
Project("{9A19103F-16F7-4668-BE54-9A1E7A4F7556}") = "Utilities.Crypto", "Other\Utilities.Crypto\Utilities.Crypto.csproj", "{A91B4A48-B247-4A0B-8AAC-CE0E766419F7}"
EndProject
Project("{9A19103F-16F7-4668-BE54-9A1E7A4F7556}") = "Utilities.Caching.Database", "Caching\Utilities.Caching.Database\Utilities.Caching.Database.csproj", "{969F0DC2-68C3-45EE-9E43-052C71F72264}"
EndProject
Project("{9A19103F-16F7-4668-BE54-9A1E7A4F7556}") = "Utilities.Caching.Redis", "Caching\Utilities.Caching.Redis\Utilities.Caching.Redis.csproj", "{DA30A736-869F-441D-BC45-6B4C1B338ECC}"
EndProject
Project("{9A19103F-16F7-4668-BE54-9A1E7A4F7556}") = "Utilities.SerializeExtensions", "Base\Utilities.SerializeExtensions\Utilities.SerializeExtensions.csproj", "{C96C23B8-F4B5-4E28-BCB3-A0FBEDDD6FBB}"
EndProject
Project("{2150E333-8FDC-42A3-9474-1A3956D46DE8}") = "Caching", "Caching", "{3B69122A-60A9-4701-99D0-AA88F0CD53F8}"
EndProject
Project("{2150E333-8FDC-42A3-9474-1A3956D46DE8}") = "Base", "Base", "{13A88EE9-472D-4F99-A4A2-80E3F57DF608}"
EndProject
Project("{2150E333-8FDC-42A3-9474-1A3956D46DE8}") = "Other", "Other", "{23E93D9B-4962-49D3-9960-30DF041E01C1}"
EndProject
Project("{9A19103F-16F7-4668-BE54-9A1E7A4F7556}") = "Utilities.Logging", "Other\Utilities.Logger\Utilities.Logging.csproj", "{703044EE-1D55-4915-913B-A83D047CEF47}"
EndProject
Project("{9A19103F-16F7-4668-BE54-9A1E7A4F7556}") = "Utilities.Tokenizer", "Other\Utilities.Tokenizer\Utilities.Tokenizer.csproj", "{84CC6F23-EEDA-4DD6-B137-C66F902A2D91}"
EndProject
Project("{9A19103F-16F7-4668-BE54-9A1E7A4F7556}") = "Utilities.ExcelLibrary", "Other\Utilities.ExcelLibrary\Utilities.ExcelLibrary.csproj", "{82102A87-DD21-42AD-83BF-A7FD4CB14F5E}"
EndProject
Project("{9A19103F-16F7-4668-BE54-9A1E7A4F7556}") = "Utilities.ImageMagic", "Other\Utilities.ImageMagic\Utilities.ImageMagic.csproj", "{1CD07D33-D6BC-4FC6-B2E1-C43296FDFDAE}"
EndProject
Project("{9A19103F-16F7-4668-BE54-9A1E7A4F7556}") = "Utilities.Sql", "Other\Utilities.Sql\Utilities.Sql.csproj", "{AD00CC85-492E-4EF1-9AA1-9C81BFD1BD6C}"
EndProject
Project("{9A19103F-16F7-4668-BE54-9A1E7A4F7556}") = "Utilities.PdfHandling", "Other\Utilities.PdfHandling\Utilities.PdfHandling.csproj", "{08CCD5F1-6980-4F79-9517-7F106F855F66}"
EndProject
Project("{2150E333-8FDC-42A3-9474-1A3956D46DE8}") = "Identity", "Identity", "{2A454802-E55F-4906-B5ED-306A28793CFC}"
EndProject
Project("{9A19103F-16F7-4668-BE54-9A1E7A4F7556}") = "Utilities.Identity.Repo", "Identity\Utilities.Identity.Repo\Utilities.Identity.Repo.csproj", "{FE8608C1-1898-466A-8012-7BE7ECCD2BA9}"
EndProject
Project("{9A19103F-16F7-4668-BE54-9A1E7A4F7556}") = "Utilities.AspNetCore.Identity.Repo", "Identity\Utilities.AspNetCore.Identity.Repo\Utilities.AspNetCore.Identity.Repo.csproj", "{A1FCB804-1977-4A77-8679-0B274763F6BC}"
EndProject
Project("{9A19103F-16F7-4668-BE54-9A1E7A4F7556}") = "Utilities.FileExtensions", "Other\Utilities.FileExtensions\Utilities.FileExtensions.csproj", "{329DD1CE-E0C4-4768-8F3B-EFF646714A0C}"
EndProject
Project("{9A19103F-16F7-4668-BE54-9A1E7A4F7556}") = "Utilities.MediaConverter", "Utilities.FFMpeg\Utilities.MediaConverter.csproj", "{03849528-A0B6-4D04-82B6-EB498577C5AD}"
EndProject
Project("{9A19103F-16F7-4668-BE54-9A1E7A4F7556}") = "Utilities.Dapper", "Utilities.Dapper\Utilities.Dapper.csproj", "{AA88951D-17A8-4FF8-910C-76F817D8459F}"
EndProject
Project("{2150E333-8FDC-42A3-9474-1A3956D46DE8}") = "Pdf", "Pdf", "{83BCCA9D-7E72-459D-87BC-752D0713A8FB}"
EndProject
Project("{2150E333-8FDC-42A3-9474-1A3956D46DE8}") = "Sql", "Sql", "{139321CF-7CAE-4926-8B91-2219D99CB6CE}"
EndProject
Project("{9A19103F-16F7-4668-BE54-9A1E7A4F7556}") = "Utilities.PdfHandling.NetFramework", "Utilities.PdfHandling.NetFramework\Utilities.PdfHandling.NetFramework.csproj", "{9C30C6A2-EE4A-45CA-8301-3E161B16A397}"
EndProject
Project("{9A19103F-16F7-4668-BE54-9A1E7A4F7556}") = "Utilities.PdfHandling.NetCore", "Utilities.PdfHandling.NetCore\Utilities.PdfHandling.NetCore.csproj", "{E1AACA5B-B102-4972-911B-8F28F55429EB}"
EndProject
Project("{9A19103F-16F7-4668-BE54-9A1E7A4F7556}") = "Utilities.TimedTasks", "Utilities.TimedTasks\Utilities.TimedTasks.csproj", "{EA7F5995-3EF7-4126-86F5-22416F299A30}"
EndProject
Project("{2150E333-8FDC-42A3-9474-1A3956D46DE8}") = "FileHandling", "FileHandling", "{C5AF10FE-0994-4FE9-B0DD-41570C4C0614}"
EndProject
Project("{9A19103F-16F7-4668-BE54-9A1E7A4F7556}") = "Utilities.FileExtensions.AzureBlob", "Utilities.FileExtensions.AzureBlob\Utilities.FileExtensions.AzureBlob.csproj", "{BBEA93C0-C741-4AB2-A434-E7959CFDB5B9}"
EndProject
Project("{9A19103F-16F7-4668-BE54-9A1E7A4F7556}") = "Utilities.ServiceLocator", "Utilities.ServiceLocator\Utilities.ServiceLocator.csproj", "{29CDBEE5-5F7D-46F5-A8FB-A44E090149B5}"
EndProject
Project("{9A19103F-16F7-4668-BE54-9A1E7A4F7556}") = "Utilities.FileExtensions.AspNetCore", "Utilities.FileExtensions.Core\Utilities.FileExtensions.AspNetCore.csproj", "{04E4181F-3903-4722-B907-1A1D0EBDBDCD}"
EndProject
Project("{9A19103F-16F7-4668-BE54-9A1E7A4F7556}") = "Utilities.Swagger", "Utilities.Swagger\Utilities.Swagger.csproj", "{79988E94-2CDF-4825-8C6B-C73741671F37}"
EndProject
Project("{9A19103F-16F7-4668-BE54-9A1E7A4F7556}") = "Utilities.FluentResults", "Utilities.FluentResults\Utilities.FluentResults.csproj", "{EEABD984-9030-4769-875B-84F34BA06740}"
EndProject
Project("{9A19103F-16F7-4668-BE54-9A1E7A4F7556}") = "Utilities.KeyValueStore", "Utilities.KeyValueStore\Utilities.KeyValueStore.csproj", "{39DD5C7F-AEFA-45ED-8A23-56B22A7B99E9}"
EndProject
Project("{9A19103F-16F7-4668-BE54-9A1E7A4F7556}") = "Utilities.AutoInitilization", "Other\Utilities.AutoInitilization\Utilities.AutoInitilization.csproj", "{12212778-1B52-4EBA-B70F-C80AC764376C}"
EndProject
Project("{FAE04EC0-301F-11D3-BF4B-00C04F79EFBC}") = "Utilities.JsonExtensions", "Utilities.JsonExtensions\Utilities.JsonExtensions.csproj", "{094E8F5A-6357-4DC3-A389-CBAC6CF6F303}"
EndProject
Global
	GlobalSection(SolutionConfigurationPlatforms) = preSolution
		Debug|Any CPU = Debug|Any CPU
		Release|Any CPU = Release|Any CPU
	EndGlobalSection
	GlobalSection(ProjectConfigurationPlatforms) = postSolution
		{76F8C615-031F-4E83-85E4-6EE2D0C694B9}.Debug|Any CPU.ActiveCfg = Debug|Any CPU
		{76F8C615-031F-4E83-85E4-6EE2D0C694B9}.Debug|Any CPU.Build.0 = Debug|Any CPU
		{76F8C615-031F-4E83-85E4-6EE2D0C694B9}.Release|Any CPU.ActiveCfg = Release|Any CPU
		{76F8C615-031F-4E83-85E4-6EE2D0C694B9}.Release|Any CPU.Build.0 = Release|Any CPU
		{536FB06B-113D-4F65-96DA-0613CAA36295}.Debug|Any CPU.ActiveCfg = Debug|Any CPU
		{536FB06B-113D-4F65-96DA-0613CAA36295}.Debug|Any CPU.Build.0 = Debug|Any CPU
		{536FB06B-113D-4F65-96DA-0613CAA36295}.Release|Any CPU.ActiveCfg = Release|Any CPU
		{536FB06B-113D-4F65-96DA-0613CAA36295}.Release|Any CPU.Build.0 = Release|Any CPU
		{25F981A8-8CE3-453D-9207-04F1BC9AB32E}.Debug|Any CPU.ActiveCfg = Debug|Any CPU
		{25F981A8-8CE3-453D-9207-04F1BC9AB32E}.Debug|Any CPU.Build.0 = Debug|Any CPU
		{25F981A8-8CE3-453D-9207-04F1BC9AB32E}.Release|Any CPU.ActiveCfg = Release|Any CPU
		{25F981A8-8CE3-453D-9207-04F1BC9AB32E}.Release|Any CPU.Build.0 = Release|Any CPU
		{BCDACB6C-62F6-48E8-8F9D-EE1B0C87AFCD}.Debug|Any CPU.ActiveCfg = Debug|Any CPU
		{BCDACB6C-62F6-48E8-8F9D-EE1B0C87AFCD}.Debug|Any CPU.Build.0 = Debug|Any CPU
		{BCDACB6C-62F6-48E8-8F9D-EE1B0C87AFCD}.Release|Any CPU.ActiveCfg = Release|Any CPU
		{BCDACB6C-62F6-48E8-8F9D-EE1B0C87AFCD}.Release|Any CPU.Build.0 = Release|Any CPU
		{51A2A109-926E-43B6-996A-E6FED1C94DD5}.Debug|Any CPU.ActiveCfg = Debug|Any CPU
		{51A2A109-926E-43B6-996A-E6FED1C94DD5}.Debug|Any CPU.Build.0 = Debug|Any CPU
		{51A2A109-926E-43B6-996A-E6FED1C94DD5}.Release|Any CPU.ActiveCfg = Release|Any CPU
		{51A2A109-926E-43B6-996A-E6FED1C94DD5}.Release|Any CPU.Build.0 = Release|Any CPU
		{2F0DDF2E-6991-45C5-B2C3-3F733B6BD3C6}.Debug|Any CPU.ActiveCfg = Debug|Any CPU
		{2F0DDF2E-6991-45C5-B2C3-3F733B6BD3C6}.Debug|Any CPU.Build.0 = Debug|Any CPU
		{2F0DDF2E-6991-45C5-B2C3-3F733B6BD3C6}.Release|Any CPU.ActiveCfg = Release|Any CPU
		{2F0DDF2E-6991-45C5-B2C3-3F733B6BD3C6}.Release|Any CPU.Build.0 = Release|Any CPU
		{404A20F1-1709-4A90-AFF2-88326DC57B64}.Debug|Any CPU.ActiveCfg = Debug|Any CPU
		{404A20F1-1709-4A90-AFF2-88326DC57B64}.Debug|Any CPU.Build.0 = Debug|Any CPU
		{404A20F1-1709-4A90-AFF2-88326DC57B64}.Release|Any CPU.ActiveCfg = Release|Any CPU
		{404A20F1-1709-4A90-AFF2-88326DC57B64}.Release|Any CPU.Build.0 = Release|Any CPU
		{A91B4A48-B247-4A0B-8AAC-CE0E766419F7}.Debug|Any CPU.ActiveCfg = Debug|Any CPU
		{A91B4A48-B247-4A0B-8AAC-CE0E766419F7}.Debug|Any CPU.Build.0 = Debug|Any CPU
		{A91B4A48-B247-4A0B-8AAC-CE0E766419F7}.Release|Any CPU.ActiveCfg = Release|Any CPU
		{A91B4A48-B247-4A0B-8AAC-CE0E766419F7}.Release|Any CPU.Build.0 = Release|Any CPU
		{969F0DC2-68C3-45EE-9E43-052C71F72264}.Debug|Any CPU.ActiveCfg = Debug|Any CPU
		{969F0DC2-68C3-45EE-9E43-052C71F72264}.Debug|Any CPU.Build.0 = Debug|Any CPU
		{969F0DC2-68C3-45EE-9E43-052C71F72264}.Release|Any CPU.ActiveCfg = Release|Any CPU
		{969F0DC2-68C3-45EE-9E43-052C71F72264}.Release|Any CPU.Build.0 = Release|Any CPU
		{DA30A736-869F-441D-BC45-6B4C1B338ECC}.Debug|Any CPU.ActiveCfg = Debug|Any CPU
		{DA30A736-869F-441D-BC45-6B4C1B338ECC}.Debug|Any CPU.Build.0 = Debug|Any CPU
		{DA30A736-869F-441D-BC45-6B4C1B338ECC}.Release|Any CPU.ActiveCfg = Release|Any CPU
		{DA30A736-869F-441D-BC45-6B4C1B338ECC}.Release|Any CPU.Build.0 = Release|Any CPU
		{C96C23B8-F4B5-4E28-BCB3-A0FBEDDD6FBB}.Debug|Any CPU.ActiveCfg = Debug|Any CPU
		{C96C23B8-F4B5-4E28-BCB3-A0FBEDDD6FBB}.Debug|Any CPU.Build.0 = Debug|Any CPU
		{C96C23B8-F4B5-4E28-BCB3-A0FBEDDD6FBB}.Release|Any CPU.ActiveCfg = Release|Any CPU
		{C96C23B8-F4B5-4E28-BCB3-A0FBEDDD6FBB}.Release|Any CPU.Build.0 = Release|Any CPU
		{703044EE-1D55-4915-913B-A83D047CEF47}.Debug|Any CPU.ActiveCfg = Debug|Any CPU
		{703044EE-1D55-4915-913B-A83D047CEF47}.Debug|Any CPU.Build.0 = Debug|Any CPU
		{703044EE-1D55-4915-913B-A83D047CEF47}.Release|Any CPU.ActiveCfg = Release|Any CPU
		{703044EE-1D55-4915-913B-A83D047CEF47}.Release|Any CPU.Build.0 = Release|Any CPU
		{84CC6F23-EEDA-4DD6-B137-C66F902A2D91}.Debug|Any CPU.ActiveCfg = Debug|Any CPU
		{84CC6F23-EEDA-4DD6-B137-C66F902A2D91}.Debug|Any CPU.Build.0 = Debug|Any CPU
		{84CC6F23-EEDA-4DD6-B137-C66F902A2D91}.Release|Any CPU.ActiveCfg = Release|Any CPU
		{84CC6F23-EEDA-4DD6-B137-C66F902A2D91}.Release|Any CPU.Build.0 = Release|Any CPU
		{82102A87-DD21-42AD-83BF-A7FD4CB14F5E}.Debug|Any CPU.ActiveCfg = Debug|Any CPU
		{82102A87-DD21-42AD-83BF-A7FD4CB14F5E}.Debug|Any CPU.Build.0 = Debug|Any CPU
		{82102A87-DD21-42AD-83BF-A7FD4CB14F5E}.Release|Any CPU.ActiveCfg = Release|Any CPU
		{82102A87-DD21-42AD-83BF-A7FD4CB14F5E}.Release|Any CPU.Build.0 = Release|Any CPU
		{1CD07D33-D6BC-4FC6-B2E1-C43296FDFDAE}.Debug|Any CPU.ActiveCfg = Debug|Any CPU
		{1CD07D33-D6BC-4FC6-B2E1-C43296FDFDAE}.Debug|Any CPU.Build.0 = Debug|Any CPU
		{1CD07D33-D6BC-4FC6-B2E1-C43296FDFDAE}.Release|Any CPU.ActiveCfg = Release|Any CPU
		{1CD07D33-D6BC-4FC6-B2E1-C43296FDFDAE}.Release|Any CPU.Build.0 = Release|Any CPU
		{AD00CC85-492E-4EF1-9AA1-9C81BFD1BD6C}.Debug|Any CPU.ActiveCfg = Debug|Any CPU
		{AD00CC85-492E-4EF1-9AA1-9C81BFD1BD6C}.Debug|Any CPU.Build.0 = Debug|Any CPU
		{AD00CC85-492E-4EF1-9AA1-9C81BFD1BD6C}.Release|Any CPU.ActiveCfg = Release|Any CPU
		{AD00CC85-492E-4EF1-9AA1-9C81BFD1BD6C}.Release|Any CPU.Build.0 = Release|Any CPU
		{08CCD5F1-6980-4F79-9517-7F106F855F66}.Debug|Any CPU.ActiveCfg = Debug|Any CPU
		{08CCD5F1-6980-4F79-9517-7F106F855F66}.Debug|Any CPU.Build.0 = Debug|Any CPU
		{08CCD5F1-6980-4F79-9517-7F106F855F66}.Release|Any CPU.ActiveCfg = Release|Any CPU
		{08CCD5F1-6980-4F79-9517-7F106F855F66}.Release|Any CPU.Build.0 = Release|Any CPU
		{FE8608C1-1898-466A-8012-7BE7ECCD2BA9}.Debug|Any CPU.ActiveCfg = Debug|Any CPU
		{FE8608C1-1898-466A-8012-7BE7ECCD2BA9}.Debug|Any CPU.Build.0 = Debug|Any CPU
		{FE8608C1-1898-466A-8012-7BE7ECCD2BA9}.Release|Any CPU.ActiveCfg = Release|Any CPU
		{FE8608C1-1898-466A-8012-7BE7ECCD2BA9}.Release|Any CPU.Build.0 = Release|Any CPU
		{A1FCB804-1977-4A77-8679-0B274763F6BC}.Debug|Any CPU.ActiveCfg = Debug|Any CPU
		{A1FCB804-1977-4A77-8679-0B274763F6BC}.Debug|Any CPU.Build.0 = Debug|Any CPU
		{A1FCB804-1977-4A77-8679-0B274763F6BC}.Release|Any CPU.ActiveCfg = Release|Any CPU
		{A1FCB804-1977-4A77-8679-0B274763F6BC}.Release|Any CPU.Build.0 = Release|Any CPU
		{329DD1CE-E0C4-4768-8F3B-EFF646714A0C}.Debug|Any CPU.ActiveCfg = Debug|Any CPU
		{329DD1CE-E0C4-4768-8F3B-EFF646714A0C}.Debug|Any CPU.Build.0 = Debug|Any CPU
		{329DD1CE-E0C4-4768-8F3B-EFF646714A0C}.Release|Any CPU.ActiveCfg = Release|Any CPU
		{329DD1CE-E0C4-4768-8F3B-EFF646714A0C}.Release|Any CPU.Build.0 = Release|Any CPU
		{03849528-A0B6-4D04-82B6-EB498577C5AD}.Debug|Any CPU.ActiveCfg = Debug|Any CPU
		{03849528-A0B6-4D04-82B6-EB498577C5AD}.Debug|Any CPU.Build.0 = Debug|Any CPU
		{03849528-A0B6-4D04-82B6-EB498577C5AD}.Release|Any CPU.ActiveCfg = Release|Any CPU
		{03849528-A0B6-4D04-82B6-EB498577C5AD}.Release|Any CPU.Build.0 = Release|Any CPU
		{AA88951D-17A8-4FF8-910C-76F817D8459F}.Debug|Any CPU.ActiveCfg = Debug|Any CPU
		{AA88951D-17A8-4FF8-910C-76F817D8459F}.Debug|Any CPU.Build.0 = Debug|Any CPU
		{AA88951D-17A8-4FF8-910C-76F817D8459F}.Release|Any CPU.ActiveCfg = Release|Any CPU
		{AA88951D-17A8-4FF8-910C-76F817D8459F}.Release|Any CPU.Build.0 = Release|Any CPU
		{9C30C6A2-EE4A-45CA-8301-3E161B16A397}.Debug|Any CPU.ActiveCfg = Debug|Any CPU
		{9C30C6A2-EE4A-45CA-8301-3E161B16A397}.Debug|Any CPU.Build.0 = Debug|Any CPU
		{9C30C6A2-EE4A-45CA-8301-3E161B16A397}.Release|Any CPU.ActiveCfg = Release|Any CPU
		{9C30C6A2-EE4A-45CA-8301-3E161B16A397}.Release|Any CPU.Build.0 = Release|Any CPU
		{E1AACA5B-B102-4972-911B-8F28F55429EB}.Debug|Any CPU.ActiveCfg = Debug|Any CPU
		{E1AACA5B-B102-4972-911B-8F28F55429EB}.Debug|Any CPU.Build.0 = Debug|Any CPU
		{E1AACA5B-B102-4972-911B-8F28F55429EB}.Release|Any CPU.ActiveCfg = Release|Any CPU
		{E1AACA5B-B102-4972-911B-8F28F55429EB}.Release|Any CPU.Build.0 = Release|Any CPU
		{EA7F5995-3EF7-4126-86F5-22416F299A30}.Debug|Any CPU.ActiveCfg = Debug|Any CPU
		{EA7F5995-3EF7-4126-86F5-22416F299A30}.Debug|Any CPU.Build.0 = Debug|Any CPU
		{EA7F5995-3EF7-4126-86F5-22416F299A30}.Release|Any CPU.ActiveCfg = Release|Any CPU
		{EA7F5995-3EF7-4126-86F5-22416F299A30}.Release|Any CPU.Build.0 = Release|Any CPU
		{BBEA93C0-C741-4AB2-A434-E7959CFDB5B9}.Debug|Any CPU.ActiveCfg = Debug|Any CPU
		{BBEA93C0-C741-4AB2-A434-E7959CFDB5B9}.Debug|Any CPU.Build.0 = Debug|Any CPU
		{BBEA93C0-C741-4AB2-A434-E7959CFDB5B9}.Release|Any CPU.ActiveCfg = Release|Any CPU
		{BBEA93C0-C741-4AB2-A434-E7959CFDB5B9}.Release|Any CPU.Build.0 = Release|Any CPU
		{29CDBEE5-5F7D-46F5-A8FB-A44E090149B5}.Debug|Any CPU.ActiveCfg = Debug|Any CPU
		{29CDBEE5-5F7D-46F5-A8FB-A44E090149B5}.Debug|Any CPU.Build.0 = Debug|Any CPU
		{29CDBEE5-5F7D-46F5-A8FB-A44E090149B5}.Release|Any CPU.ActiveCfg = Release|Any CPU
		{29CDBEE5-5F7D-46F5-A8FB-A44E090149B5}.Release|Any CPU.Build.0 = Release|Any CPU
		{04E4181F-3903-4722-B907-1A1D0EBDBDCD}.Debug|Any CPU.ActiveCfg = Debug|Any CPU
		{04E4181F-3903-4722-B907-1A1D0EBDBDCD}.Debug|Any CPU.Build.0 = Debug|Any CPU
		{04E4181F-3903-4722-B907-1A1D0EBDBDCD}.Release|Any CPU.ActiveCfg = Release|Any CPU
		{04E4181F-3903-4722-B907-1A1D0EBDBDCD}.Release|Any CPU.Build.0 = Release|Any CPU
		{79988E94-2CDF-4825-8C6B-C73741671F37}.Debug|Any CPU.ActiveCfg = Debug|Any CPU
		{79988E94-2CDF-4825-8C6B-C73741671F37}.Debug|Any CPU.Build.0 = Debug|Any CPU
		{79988E94-2CDF-4825-8C6B-C73741671F37}.Release|Any CPU.ActiveCfg = Release|Any CPU
		{79988E94-2CDF-4825-8C6B-C73741671F37}.Release|Any CPU.Build.0 = Release|Any CPU
		{EEABD984-9030-4769-875B-84F34BA06740}.Debug|Any CPU.ActiveCfg = Debug|Any CPU
		{EEABD984-9030-4769-875B-84F34BA06740}.Debug|Any CPU.Build.0 = Debug|Any CPU
		{EEABD984-9030-4769-875B-84F34BA06740}.Release|Any CPU.ActiveCfg = Release|Any CPU
		{EEABD984-9030-4769-875B-84F34BA06740}.Release|Any CPU.Build.0 = Release|Any CPU
		{39DD5C7F-AEFA-45ED-8A23-56B22A7B99E9}.Debug|Any CPU.ActiveCfg = Debug|Any CPU
		{39DD5C7F-AEFA-45ED-8A23-56B22A7B99E9}.Debug|Any CPU.Build.0 = Debug|Any CPU
		{39DD5C7F-AEFA-45ED-8A23-56B22A7B99E9}.Release|Any CPU.ActiveCfg = Release|Any CPU
		{39DD5C7F-AEFA-45ED-8A23-56B22A7B99E9}.Release|Any CPU.Build.0 = Release|Any CPU
		{12212778-1B52-4EBA-B70F-C80AC764376C}.Debug|Any CPU.ActiveCfg = Debug|Any CPU
		{12212778-1B52-4EBA-B70F-C80AC764376C}.Debug|Any CPU.Build.0 = Debug|Any CPU
		{12212778-1B52-4EBA-B70F-C80AC764376C}.Release|Any CPU.ActiveCfg = Release|Any CPU
		{12212778-1B52-4EBA-B70F-C80AC764376C}.Release|Any CPU.Build.0 = Release|Any CPU
		{094E8F5A-6357-4DC3-A389-CBAC6CF6F303}.Debug|Any CPU.ActiveCfg = Debug|Any CPU
		{094E8F5A-6357-4DC3-A389-CBAC6CF6F303}.Debug|Any CPU.Build.0 = Debug|Any CPU
		{094E8F5A-6357-4DC3-A389-CBAC6CF6F303}.Release|Any CPU.ActiveCfg = Release|Any CPU
		{094E8F5A-6357-4DC3-A389-CBAC6CF6F303}.Release|Any CPU.Build.0 = Release|Any CPU
	EndGlobalSection
	GlobalSection(SolutionProperties) = preSolution
		HideSolutionNode = FALSE
	EndGlobalSection
	GlobalSection(NestedProjects) = preSolution
		{76F8C615-031F-4E83-85E4-6EE2D0C694B9} = {13A88EE9-472D-4F99-A4A2-80E3F57DF608}
		{536FB06B-113D-4F65-96DA-0613CAA36295} = {13A88EE9-472D-4F99-A4A2-80E3F57DF608}
		{25F981A8-8CE3-453D-9207-04F1BC9AB32E} = {13A88EE9-472D-4F99-A4A2-80E3F57DF608}
		{BCDACB6C-62F6-48E8-8F9D-EE1B0C87AFCD} = {13A88EE9-472D-4F99-A4A2-80E3F57DF608}
		{51A2A109-926E-43B6-996A-E6FED1C94DD5} = {3B69122A-60A9-4701-99D0-AA88F0CD53F8}
		{2F0DDF2E-6991-45C5-B2C3-3F733B6BD3C6} = {3B69122A-60A9-4701-99D0-AA88F0CD53F8}
		{404A20F1-1709-4A90-AFF2-88326DC57B64} = {3B69122A-60A9-4701-99D0-AA88F0CD53F8}
		{A91B4A48-B247-4A0B-8AAC-CE0E766419F7} = {23E93D9B-4962-49D3-9960-30DF041E01C1}
		{969F0DC2-68C3-45EE-9E43-052C71F72264} = {3B69122A-60A9-4701-99D0-AA88F0CD53F8}
		{DA30A736-869F-441D-BC45-6B4C1B338ECC} = {3B69122A-60A9-4701-99D0-AA88F0CD53F8}
		{C96C23B8-F4B5-4E28-BCB3-A0FBEDDD6FBB} = {13A88EE9-472D-4F99-A4A2-80E3F57DF608}
		{703044EE-1D55-4915-913B-A83D047CEF47} = {23E93D9B-4962-49D3-9960-30DF041E01C1}
		{84CC6F23-EEDA-4DD6-B137-C66F902A2D91} = {23E93D9B-4962-49D3-9960-30DF041E01C1}
		{82102A87-DD21-42AD-83BF-A7FD4CB14F5E} = {23E93D9B-4962-49D3-9960-30DF041E01C1}
		{1CD07D33-D6BC-4FC6-B2E1-C43296FDFDAE} = {23E93D9B-4962-49D3-9960-30DF041E01C1}
		{AD00CC85-492E-4EF1-9AA1-9C81BFD1BD6C} = {139321CF-7CAE-4926-8B91-2219D99CB6CE}
		{08CCD5F1-6980-4F79-9517-7F106F855F66} = {83BCCA9D-7E72-459D-87BC-752D0713A8FB}
		{FE8608C1-1898-466A-8012-7BE7ECCD2BA9} = {2A454802-E55F-4906-B5ED-306A28793CFC}
		{A1FCB804-1977-4A77-8679-0B274763F6BC} = {2A454802-E55F-4906-B5ED-306A28793CFC}
		{329DD1CE-E0C4-4768-8F3B-EFF646714A0C} = {C5AF10FE-0994-4FE9-B0DD-41570C4C0614}
		{03849528-A0B6-4D04-82B6-EB498577C5AD} = {23E93D9B-4962-49D3-9960-30DF041E01C1}
		{AA88951D-17A8-4FF8-910C-76F817D8459F} = {139321CF-7CAE-4926-8B91-2219D99CB6CE}
		{9C30C6A2-EE4A-45CA-8301-3E161B16A397} = {83BCCA9D-7E72-459D-87BC-752D0713A8FB}
		{E1AACA5B-B102-4972-911B-8F28F55429EB} = {83BCCA9D-7E72-459D-87BC-752D0713A8FB}
		{EA7F5995-3EF7-4126-86F5-22416F299A30} = {23E93D9B-4962-49D3-9960-30DF041E01C1}
		{BBEA93C0-C741-4AB2-A434-E7959CFDB5B9} = {C5AF10FE-0994-4FE9-B0DD-41570C4C0614}
		{29CDBEE5-5F7D-46F5-A8FB-A44E090149B5} = {13A88EE9-472D-4F99-A4A2-80E3F57DF608}
		{04E4181F-3903-4722-B907-1A1D0EBDBDCD} = {C5AF10FE-0994-4FE9-B0DD-41570C4C0614}
		{79988E94-2CDF-4825-8C6B-C73741671F37} = {13A88EE9-472D-4F99-A4A2-80E3F57DF608}
		{EEABD984-9030-4769-875B-84F34BA06740} = {13A88EE9-472D-4F99-A4A2-80E3F57DF608}
		{39DD5C7F-AEFA-45ED-8A23-56B22A7B99E9} = {13A88EE9-472D-4F99-A4A2-80E3F57DF608}
		{12212778-1B52-4EBA-B70F-C80AC764376C} = {23E93D9B-4962-49D3-9960-30DF041E01C1}
		{094E8F5A-6357-4DC3-A389-CBAC6CF6F303} = {23E93D9B-4962-49D3-9960-30DF041E01C1}
	EndGlobalSection
	GlobalSection(ExtensibilityGlobals) = postSolution
		SolutionGuid = {660BFF2F-8F24-4314-9AFB-8A70F565F5C0}
	EndGlobalSection
EndGlobal
